// !$*UTF8*$!
{
	archiveVersion = 1;
	classes = {
	};
	objectVersion = 46;
	objects = {

/* Begin PBXBuildFile section */
		033F035A200D621000E5ED63 /* AstronautGoal.cpp in Sources */ = {isa = PBXBuildFile; fileRef = 033F0358200D621000E5ED63 /* AstronautGoal.cpp */; };
		033F035F200D681100E5ED63 /* AstronautAction.cpp in Sources */ = {isa = PBXBuildFile; fileRef = 033F035D200D681100E5ED63 /* AstronautAction.cpp */; };
		033F0360200D6F1800E5ED63 /* AstronautAction.cpp in Sources */ = {isa = PBXBuildFile; fileRef = 033F035D200D681100E5ED63 /* AstronautAction.cpp */; };
		033F0361200D6F1B00E5ED63 /* AstronautGoal.cpp in Sources */ = {isa = PBXBuildFile; fileRef = 033F0358200D621000E5ED63 /* AstronautGoal.cpp */; };
		0340F5A82032168E00D166EC /* libyaml-cpp.0.6.0.dylib in Frameworks */ = {isa = PBXBuildFile; fileRef = 0340F5A72032168E00D166EC /* libyaml-cpp.0.6.0.dylib */; };
		0340F5A92032169600D166EC /* libyaml-cpp.0.6.0.dylib in Frameworks */ = {isa = PBXBuildFile; fileRef = 0340F5A72032168E00D166EC /* libyaml-cpp.0.6.0.dylib */; };
		0340F6032032187B00D166EC /* yaml-cpp in Resources */ = {isa = PBXBuildFile; fileRef = 0340F6022032187B00D166EC /* yaml-cpp */; };
		0340F6072032471E00D166EC /* ObjectInteraction.cpp in Sources */ = {isa = PBXBuildFile; fileRef = 0340F6052032471E00D166EC /* ObjectInteraction.cpp */; };
		0340F6082032471E00D166EC /* ObjectInteraction.cpp in Sources */ = {isa = PBXBuildFile; fileRef = 0340F6052032471E00D166EC /* ObjectInteraction.cpp */; };
		0340F6092032471E00D166EC /* ObjectInteraction.hpp in Headers */ = {isa = PBXBuildFile; fileRef = 0340F6062032471E00D166EC /* ObjectInteraction.hpp */; };
		0340F60E203247C500D166EC /* AstronautDesign.cpp in Sources */ = {isa = PBXBuildFile; fileRef = 0340F60C203247C500D166EC /* AstronautDesign.cpp */; };
		0340F60F203247C500D166EC /* AstronautDesign.cpp in Sources */ = {isa = PBXBuildFile; fileRef = 0340F60C203247C500D166EC /* AstronautDesign.cpp */; };
		0340F610203247C500D166EC /* AstronautDesign.hpp in Headers */ = {isa = PBXBuildFile; fileRef = 0340F60D203247C500D166EC /* AstronautDesign.hpp */; };
		034D29E2204B31F800AFE0F9 /* ui in Resources */ = {isa = PBXBuildFile; fileRef = 034D29E1204B31F800AFE0F9 /* ui */; };
		034D29E3204B31F800AFE0F9 /* ui in Resources */ = {isa = PBXBuildFile; fileRef = 034D29E1204B31F800AFE0F9 /* ui */; };
		034D29E7204B392200AFE0F9 /* AstronautSprite.cpp in Sources */ = {isa = PBXBuildFile; fileRef = 034D29E5204B392200AFE0F9 /* AstronautSprite.cpp */; };
		034D29E8204B392200AFE0F9 /* AstronautSprite.cpp in Sources */ = {isa = PBXBuildFile; fileRef = 034D29E5204B392200AFE0F9 /* AstronautSprite.cpp */; };
		034D29E9204B392200AFE0F9 /* AstronautSprite.hpp in Headers */ = {isa = PBXBuildFile; fileRef = 034D29E6204B392200AFE0F9 /* AstronautSprite.hpp */; };
		034D29EC204B45D800AFE0F9 /* ObjectSprite.cpp in Sources */ = {isa = PBXBuildFile; fileRef = 034D29EA204B45D800AFE0F9 /* ObjectSprite.cpp */; };
		034D29ED204B45D800AFE0F9 /* ObjectSprite.cpp in Sources */ = {isa = PBXBuildFile; fileRef = 034D29EA204B45D800AFE0F9 /* ObjectSprite.cpp */; };
		034D29EE204B45D800AFE0F9 /* ObjectSprite.hpp in Headers */ = {isa = PBXBuildFile; fileRef = 034D29EB204B45D800AFE0F9 /* ObjectSprite.hpp */; };
		036BAA2C201413560021EE81 /* AstronautRoute.cpp in Sources */ = {isa = PBXBuildFile; fileRef = 036BAA2A201413560021EE81 /* AstronautRoute.cpp */; };
		0395B9432009749400EE31E2 /* Astronaut.cpp in Sources */ = {isa = PBXBuildFile; fileRef = 0395B9412009749400EE31E2 /* Astronaut.cpp */; };
		0395B945200979C400EE31E2 /* Astronaut.cpp in Sources */ = {isa = PBXBuildFile; fileRef = 0395B9412009749400EE31E2 /* Astronaut.cpp */; };
		03A53A7D1FDB3D390053F265 /* SCGame.cpp in Sources */ = {isa = PBXBuildFile; fileRef = 03A53A7B1FDB3D390053F265 /* SCGame.cpp */; };
		03A53A7E1FDB3D410053F265 /* SCGame.cpp in Sources */ = {isa = PBXBuildFile; fileRef = 03A53A7B1FDB3D390053F265 /* SCGame.cpp */; };
		03A53A811FDB3D500053F265 /* SCMainMenu.cpp in Sources */ = {isa = PBXBuildFile; fileRef = 03A53A801FDB3D500053F265 /* SCMainMenu.cpp */; };
		03A53A821FDB3D520053F265 /* SCMainMenu.cpp in Sources */ = {isa = PBXBuildFile; fileRef = 03A53A801FDB3D500053F265 /* SCMainMenu.cpp */; };
		03C568BF1FE1D1F400DA7D6A /* Map.cpp in Sources */ = {isa = PBXBuildFile; fileRef = 03C568BD1FE1D1F400DA7D6A /* Map.cpp */; };
		03C568C11FE1D26500DA7D6A /* Map.cpp in Sources */ = {isa = PBXBuildFile; fileRef = 03C568BD1FE1D1F400DA7D6A /* Map.cpp */; };
		03C9E30A202CDFD000FDB02C /* YUIView.cpp in Sources */ = {isa = PBXBuildFile; fileRef = 03C9E308202CDFD000FDB02C /* YUIView.cpp */; };
		03C9E30B202CE6F900FDB02C /* YUIView.cpp in Sources */ = {isa = PBXBuildFile; fileRef = 03C9E308202CDFD000FDB02C /* YUIView.cpp */; };
		03C9E30F202CF09000FDB02C /* YUILabel.cpp in Sources */ = {isa = PBXBuildFile; fileRef = 03C9E30D202CF09000FDB02C /* YUILabel.cpp */; };
		03C9E310202CF13C00FDB02C /* YUILabel.cpp in Sources */ = {isa = PBXBuildFile; fileRef = 03C9E30D202CF09000FDB02C /* YUILabel.cpp */; };
		03C9E312202F877E00FDB02C /* content in Resources */ = {isa = PBXBuildFile; fileRef = 03C9E311202F877D00FDB02C /* content */; };
		03C9E313202F877E00FDB02C /* content in Resources */ = {isa = PBXBuildFile; fileRef = 03C9E311202F877D00FDB02C /* content */; };
		03CCBAA61FF415CD001D30F4 /* FractalNoise.cpp in Sources */ = {isa = PBXBuildFile; fileRef = 03CCBAA21FF415CD001D30F4 /* FractalNoise.cpp */; };
		03CCBAA71FF415CD001D30F4 /* FractalNoise.cpp in Sources */ = {isa = PBXBuildFile; fileRef = 03CCBAA21FF415CD001D30F4 /* FractalNoise.cpp */; };
		03CCBAA81FF415CD001D30F4 /* Perlin.cpp in Sources */ = {isa = PBXBuildFile; fileRef = 03CCBAA51FF415CD001D30F4 /* Perlin.cpp */; };
		03CCBAA91FF415CD001D30F4 /* Perlin.cpp in Sources */ = {isa = PBXBuildFile; fileRef = 03CCBAA51FF415CD001D30F4 /* Perlin.cpp */; };
		03CCBAAC1FF45AAA001D30F4 /* MapObject.cpp in Sources */ = {isa = PBXBuildFile; fileRef = 03CCBAAA1FF45AAA001D30F4 /* MapObject.cpp */; };
		03CCBAAD1FF45AAA001D30F4 /* MapObject.cpp in Sources */ = {isa = PBXBuildFile; fileRef = 03CCBAAA1FF45AAA001D30F4 /* MapObject.cpp */; };
		03CCBAB11FF45BBF001D30F4 /* ObjectDesign.cpp in Sources */ = {isa = PBXBuildFile; fileRef = 03CCBAAF1FF45BBF001D30F4 /* ObjectDesign.cpp */; };
		03CCBAB21FF45BBF001D30F4 /* ObjectDesign.cpp in Sources */ = {isa = PBXBuildFile; fileRef = 03CCBAAF1FF45BBF001D30F4 /* ObjectDesign.cpp */; };
		03CCBABA1FF4672C001D30F4 /* DataStore.cpp in Sources */ = {isa = PBXBuildFile; fileRef = 03CCBAB81FF4672C001D30F4 /* DataStore.cpp */; };
		03CCBABB1FF4672C001D30F4 /* DataStore.cpp in Sources */ = {isa = PBXBuildFile; fileRef = 03CCBAB81FF4672C001D30F4 /* DataStore.cpp */; };
		1AC6FB21180E996B004C840B /* libcocos2d Mac.a in Frameworks */ = {isa = PBXBuildFile; fileRef = 1AC6FAF9180E9839004C840B /* libcocos2d Mac.a */; };
		1AC6FB30180E99EB004C840B /* libcocos2d iOS.a in Frameworks */ = {isa = PBXBuildFile; fileRef = 1AC6FB07180E9839004C840B /* libcocos2d iOS.a */; };
		1D60589F0D05DD5A006BFB54 /* Foundation.framework in Frameworks */ = {isa = PBXBuildFile; fileRef = 1D30AB110D05D00D00671497 /* Foundation.framework */; };
		1DF5F4E00D08C38300B7A737 /* UIKit.framework in Frameworks */ = {isa = PBXBuildFile; fileRef = 1DF5F4DF0D08C38300B7A737 /* UIKit.framework */; };
		288765A50DF7441C002DB57D /* CoreGraphics.framework in Frameworks */ = {isa = PBXBuildFile; fileRef = 288765A40DF7441C002DB57D /* CoreGraphics.framework */; };
		294D0D641D0D56D500F7F5D4 /* CoreText.framework in Frameworks */ = {isa = PBXBuildFile; fileRef = 294D0D631D0D56D500F7F5D4 /* CoreText.framework */; };
		46880B8819C43A87006E1F66 /* AppDelegate.cpp in Sources */ = {isa = PBXBuildFile; fileRef = 46880B8419C43A87006E1F66 /* AppDelegate.cpp */; };
		46880B8919C43A87006E1F66 /* AppDelegate.cpp in Sources */ = {isa = PBXBuildFile; fileRef = 46880B8419C43A87006E1F66 /* AppDelegate.cpp */; };
		503AE0F817EB97AB00D1A890 /* Icon.icns in Resources */ = {isa = PBXBuildFile; fileRef = 503AE0F617EB97AB00D1A890 /* Icon.icns */; };
		503AE10017EB989F00D1A890 /* AppController.mm in Sources */ = {isa = PBXBuildFile; fileRef = 503AE0FB17EB989F00D1A890 /* AppController.mm */; };
		503AE10117EB989F00D1A890 /* main.m in Sources */ = {isa = PBXBuildFile; fileRef = 503AE0FC17EB989F00D1A890 /* main.m */; };
		503AE10217EB989F00D1A890 /* RootViewController.mm in Sources */ = {isa = PBXBuildFile; fileRef = 503AE0FF17EB989F00D1A890 /* RootViewController.mm */; };
		503AE10517EB98FF00D1A890 /* main.cpp in Sources */ = {isa = PBXBuildFile; fileRef = 503AE10317EB98FF00D1A890 /* main.cpp */; };
		503AE11B17EB9C5A00D1A890 /* IOKit.framework in Frameworks */ = {isa = PBXBuildFile; fileRef = 503AE11A17EB9C5A00D1A890 /* IOKit.framework */; };
		5087E76317EB910900C73F5D /* Foundation.framework in Frameworks */ = {isa = PBXBuildFile; fileRef = 1D30AB110D05D00D00671497 /* Foundation.framework */; };
		5087E76717EB910900C73F5D /* libz.dylib in Frameworks */ = {isa = PBXBuildFile; fileRef = BF170DB412928DE900B8313A /* libz.dylib */; };
		5087E76817EB910900C73F5D /* QuartzCore.framework in Frameworks */ = {isa = PBXBuildFile; fileRef = BF1C47EA1293683800B63C5D /* QuartzCore.framework */; };
		5087E76917EB910900C73F5D /* OpenAL.framework in Frameworks */ = {isa = PBXBuildFile; fileRef = D44C620B132DFF330009C878 /* OpenAL.framework */; };
		5087E76A17EB910900C73F5D /* AVFoundation.framework in Frameworks */ = {isa = PBXBuildFile; fileRef = D44C620D132DFF430009C878 /* AVFoundation.framework */; };
		5087E76B17EB910900C73F5D /* AudioToolbox.framework in Frameworks */ = {isa = PBXBuildFile; fileRef = D44C620F132DFF4E0009C878 /* AudioToolbox.framework */; };
		5087E77D17EB970100C73F5D /* Default-568h@2x.png in Resources */ = {isa = PBXBuildFile; fileRef = 5087E77217EB970100C73F5D /* Default-568h@2x.png */; };
		5087E77E17EB970100C73F5D /* Default.png in Resources */ = {isa = PBXBuildFile; fileRef = 5087E77317EB970100C73F5D /* Default.png */; };
		5087E77F17EB970100C73F5D /* Default@2x.png in Resources */ = {isa = PBXBuildFile; fileRef = 5087E77417EB970100C73F5D /* Default@2x.png */; };
		5087E78017EB970100C73F5D /* Icon-114.png in Resources */ = {isa = PBXBuildFile; fileRef = 5087E77517EB970100C73F5D /* Icon-114.png */; };
		5087E78117EB970100C73F5D /* Icon-120.png in Resources */ = {isa = PBXBuildFile; fileRef = 5087E77617EB970100C73F5D /* Icon-120.png */; };
		5087E78217EB970100C73F5D /* Icon-144.png in Resources */ = {isa = PBXBuildFile; fileRef = 5087E77717EB970100C73F5D /* Icon-144.png */; };
		5087E78317EB970100C73F5D /* Icon-152.png in Resources */ = {isa = PBXBuildFile; fileRef = 5087E77817EB970100C73F5D /* Icon-152.png */; };
		5087E78417EB970100C73F5D /* Icon-57.png in Resources */ = {isa = PBXBuildFile; fileRef = 5087E77917EB970100C73F5D /* Icon-57.png */; };
		5087E78517EB970100C73F5D /* Icon-72.png in Resources */ = {isa = PBXBuildFile; fileRef = 5087E77A17EB970100C73F5D /* Icon-72.png */; };
		5087E78617EB970100C73F5D /* Icon-76.png in Resources */ = {isa = PBXBuildFile; fileRef = 5087E77B17EB970100C73F5D /* Icon-76.png */; };
		5087E78917EB974C00C73F5D /* AppKit.framework in Frameworks */ = {isa = PBXBuildFile; fileRef = 5087E78817EB974C00C73F5D /* AppKit.framework */; };
		5087E78B17EB975400C73F5D /* OpenGL.framework in Frameworks */ = {isa = PBXBuildFile; fileRef = 5087E78A17EB975400C73F5D /* OpenGL.framework */; };
		50EF629617ECD46A001EB2F8 /* Icon-40.png in Resources */ = {isa = PBXBuildFile; fileRef = 50EF629217ECD46A001EB2F8 /* Icon-40.png */; };
		50EF629717ECD46A001EB2F8 /* Icon-58.png in Resources */ = {isa = PBXBuildFile; fileRef = 50EF629317ECD46A001EB2F8 /* Icon-58.png */; };
		50EF629817ECD46A001EB2F8 /* Icon-80.png in Resources */ = {isa = PBXBuildFile; fileRef = 50EF629417ECD46A001EB2F8 /* Icon-80.png */; };
		50EF629917ECD46A001EB2F8 /* Icon-100.png in Resources */ = {isa = PBXBuildFile; fileRef = 50EF629517ECD46A001EB2F8 /* Icon-100.png */; };
		50EF62A217ECD613001EB2F8 /* Icon-29.png in Resources */ = {isa = PBXBuildFile; fileRef = 50EF62A017ECD613001EB2F8 /* Icon-29.png */; };
		50EF62A317ECD613001EB2F8 /* Icon-50.png in Resources */ = {isa = PBXBuildFile; fileRef = 50EF62A117ECD613001EB2F8 /* Icon-50.png */; };
		521A8E6419F0C34300D177D7 /* Default-667h@2x.png in Resources */ = {isa = PBXBuildFile; fileRef = 521A8E6219F0C34300D177D7 /* Default-667h@2x.png */; };
		521A8E6519F0C34300D177D7 /* Default-736h@3x.png in Resources */ = {isa = PBXBuildFile; fileRef = 521A8E6319F0C34300D177D7 /* Default-736h@3x.png */; };
		521A8EA919F11F5000D177D7 /* fonts in Resources */ = {isa = PBXBuildFile; fileRef = 521A8EA819F11F5000D177D7 /* fonts */; };
		521A8EAA19F11F5000D177D7 /* fonts in Resources */ = {isa = PBXBuildFile; fileRef = 521A8EA819F11F5000D177D7 /* fonts */; };
		52B47A471A53D09C004E4C60 /* Security.framework in Frameworks */ = {isa = PBXBuildFile; fileRef = 52B47A461A53D09B004E4C60 /* Security.framework */; };
		8262943E1AAF051F00CB7CF7 /* Security.framework in Frameworks */ = {isa = PBXBuildFile; fileRef = 8262943D1AAF051F00CB7CF7 /* Security.framework */; };
		BF171245129291EC00B8313A /* OpenGLES.framework in Frameworks */ = {isa = PBXBuildFile; fileRef = BF170DB012928DE900B8313A /* OpenGLES.framework */; };
		BF1712471292920000B8313A /* libz.dylib in Frameworks */ = {isa = PBXBuildFile; fileRef = BF170DB412928DE900B8313A /* libz.dylib */; };
		BF1C47F01293687400B63C5D /* QuartzCore.framework in Frameworks */ = {isa = PBXBuildFile; fileRef = BF1C47EA1293683800B63C5D /* QuartzCore.framework */; };
		D44C620C132DFF330009C878 /* OpenAL.framework in Frameworks */ = {isa = PBXBuildFile; fileRef = D44C620B132DFF330009C878 /* OpenAL.framework */; };
		D44C620E132DFF430009C878 /* AVFoundation.framework in Frameworks */ = {isa = PBXBuildFile; fileRef = D44C620D132DFF430009C878 /* AVFoundation.framework */; };
		D44C6210132DFF4E0009C878 /* AudioToolbox.framework in Frameworks */ = {isa = PBXBuildFile; fileRef = D44C620F132DFF4E0009C878 /* AudioToolbox.framework */; };
		D6B0611B1803AB670077942B /* CoreMotion.framework in Frameworks */ = {isa = PBXBuildFile; fileRef = D6B0611A1803AB670077942B /* CoreMotion.framework */; };
		ED545A7C1B68A1F400C3958E /* libiconv.dylib in Frameworks */ = {isa = PBXBuildFile; fileRef = ED545A7B1B68A1F400C3958E /* libiconv.dylib */; };
		ED545A7E1B68A1FA00C3958E /* libiconv.dylib in Frameworks */ = {isa = PBXBuildFile; fileRef = ED545A7D1B68A1FA00C3958E /* libiconv.dylib */; };
/* End PBXBuildFile section */

/* Begin PBXContainerItemProxy section */
		03C6A9951FD5E1E6000F274B /* PBXContainerItemProxy */ = {
			isa = PBXContainerItemProxy;
			containerPortal = 1AC6FAE5180E9839004C840B /* cocos2d_libs.xcodeproj */;
			proxyType = 2;
			remoteGlobalIDString = 507B40FD1C31BDD30067B53E;
			remoteInfo = "libcocos2d tvOS";
		};
		1AC6FAF8180E9839004C840B /* PBXContainerItemProxy */ = {
			isa = PBXContainerItemProxy;
			containerPortal = 1AC6FAE5180E9839004C840B /* cocos2d_libs.xcodeproj */;
			proxyType = 2;
			remoteGlobalIDString = 1551A33F158F2AB200E66CFE;
			remoteInfo = "cocos2dx Mac";
		};
		1AC6FB06180E9839004C840B /* PBXContainerItemProxy */ = {
			isa = PBXContainerItemProxy;
			containerPortal = 1AC6FAE5180E9839004C840B /* cocos2d_libs.xcodeproj */;
			proxyType = 2;
			remoteGlobalIDString = A07A4D641783777C0073F6A7;
			remoteInfo = "cocos2dx iOS";
		};
		1AC6FB15180E9959004C840B /* PBXContainerItemProxy */ = {
			isa = PBXContainerItemProxy;
			containerPortal = 1AC6FAE5180E9839004C840B /* cocos2d_libs.xcodeproj */;
			proxyType = 1;
			remoteGlobalIDString = 1551A33E158F2AB200E66CFE;
			remoteInfo = "cocos2dx Mac";
		};
		1AC6FB24180E99E1004C840B /* PBXContainerItemProxy */ = {
			isa = PBXContainerItemProxy;
			containerPortal = 1AC6FAE5180E9839004C840B /* cocos2d_libs.xcodeproj */;
			proxyType = 1;
			remoteGlobalIDString = A07A4C241783777C0073F6A7;
			remoteInfo = "cocos2dx iOS";
		};
/* End PBXContainerItemProxy section */

/* Begin PBXFileReference section */
		033F0358200D621000E5ED63 /* AstronautGoal.cpp */ = {isa = PBXFileReference; lastKnownFileType = sourcecode.cpp.cpp; path = AstronautGoal.cpp; sourceTree = "<group>"; };
		033F0359200D621000E5ED63 /* AstronautGoal.hpp */ = {isa = PBXFileReference; lastKnownFileType = sourcecode.cpp.h; path = AstronautGoal.hpp; sourceTree = "<group>"; };
		033F035D200D681100E5ED63 /* AstronautAction.cpp */ = {isa = PBXFileReference; lastKnownFileType = sourcecode.cpp.cpp; path = AstronautAction.cpp; sourceTree = "<group>"; };
		033F035E200D681100E5ED63 /* AstronautAction.hpp */ = {isa = PBXFileReference; lastKnownFileType = sourcecode.cpp.h; path = AstronautAction.hpp; sourceTree = "<group>"; };
		0340F5A72032168E00D166EC /* libyaml-cpp.0.6.0.dylib */ = {isa = PBXFileReference; lastKnownFileType = "compiled.mach-o.dylib"; path = "libyaml-cpp.0.6.0.dylib"; sourceTree = "<group>"; };
		0340F6022032187B00D166EC /* yaml-cpp */ = {isa = PBXFileReference; lastKnownFileType = folder; path = "yaml-cpp"; sourceTree = "<group>"; };
		0340F6052032471E00D166EC /* ObjectInteraction.cpp */ = {isa = PBXFileReference; lastKnownFileType = sourcecode.cpp.cpp; path = ObjectInteraction.cpp; sourceTree = "<group>"; };
		0340F6062032471E00D166EC /* ObjectInteraction.hpp */ = {isa = PBXFileReference; lastKnownFileType = sourcecode.cpp.h; path = ObjectInteraction.hpp; sourceTree = "<group>"; };
		0340F60C203247C500D166EC /* AstronautDesign.cpp */ = {isa = PBXFileReference; lastKnownFileType = sourcecode.cpp.cpp; path = AstronautDesign.cpp; sourceTree = "<group>"; };
		0340F60D203247C500D166EC /* AstronautDesign.hpp */ = {isa = PBXFileReference; lastKnownFileType = sourcecode.cpp.h; path = AstronautDesign.hpp; sourceTree = "<group>"; };
		034D29E1204B31F800AFE0F9 /* ui */ = {isa = PBXFileReference; lastKnownFileType = folder; path = ui; sourceTree = "<group>"; };
		034D29E5204B392200AFE0F9 /* AstronautSprite.cpp */ = {isa = PBXFileReference; lastKnownFileType = sourcecode.cpp.cpp; path = AstronautSprite.cpp; sourceTree = "<group>"; };
		034D29E6204B392200AFE0F9 /* AstronautSprite.hpp */ = {isa = PBXFileReference; lastKnownFileType = sourcecode.cpp.h; path = AstronautSprite.hpp; sourceTree = "<group>"; };
		034D29EA204B45D800AFE0F9 /* ObjectSprite.cpp */ = {isa = PBXFileReference; lastKnownFileType = sourcecode.cpp.cpp; path = ObjectSprite.cpp; sourceTree = "<group>"; };
		034D29EB204B45D800AFE0F9 /* ObjectSprite.hpp */ = {isa = PBXFileReference; lastKnownFileType = sourcecode.cpp.h; path = ObjectSprite.hpp; sourceTree = "<group>"; };
		036BAA2A201413560021EE81 /* AstronautRoute.cpp */ = {isa = PBXFileReference; lastKnownFileType = sourcecode.cpp.cpp; path = AstronautRoute.cpp; sourceTree = "<group>"; };
		036BAA2B201413560021EE81 /* AstronautRoute.hpp */ = {isa = PBXFileReference; lastKnownFileType = sourcecode.cpp.h; path = AstronautRoute.hpp; sourceTree = "<group>"; };
		0395B9412009749400EE31E2 /* Astronaut.cpp */ = {isa = PBXFileReference; lastKnownFileType = sourcecode.cpp.cpp; path = Astronaut.cpp; sourceTree = "<group>"; };
		0395B9422009749400EE31E2 /* Astronaut.hpp */ = {isa = PBXFileReference; lastKnownFileType = sourcecode.cpp.h; path = Astronaut.hpp; sourceTree = "<group>"; };
		03A53A7B1FDB3D390053F265 /* SCGame.cpp */ = {isa = PBXFileReference; fileEncoding = 4; lastKnownFileType = sourcecode.cpp.cpp; path = SCGame.cpp; sourceTree = "<group>"; };
		03A53A7C1FDB3D390053F265 /* SCGame.h */ = {isa = PBXFileReference; fileEncoding = 4; lastKnownFileType = sourcecode.c.h; path = SCGame.h; sourceTree = "<group>"; };
		03A53A7F1FDB3D500053F265 /* SCMainMenu.h */ = {isa = PBXFileReference; fileEncoding = 4; lastKnownFileType = sourcecode.c.h; path = SCMainMenu.h; sourceTree = "<group>"; };
		03A53A801FDB3D500053F265 /* SCMainMenu.cpp */ = {isa = PBXFileReference; fileEncoding = 4; lastKnownFileType = sourcecode.cpp.cpp; path = SCMainMenu.cpp; sourceTree = "<group>"; };
		03C568BD1FE1D1F400DA7D6A /* Map.cpp */ = {isa = PBXFileReference; lastKnownFileType = sourcecode.cpp.cpp; path = Map.cpp; sourceTree = "<group>"; };
		03C568BE1FE1D1F400DA7D6A /* Map.h */ = {isa = PBXFileReference; lastKnownFileType = sourcecode.c.h; path = Map.h; sourceTree = "<group>"; };
		03C9E308202CDFD000FDB02C /* YUIView.cpp */ = {isa = PBXFileReference; lastKnownFileType = sourcecode.cpp.cpp; path = YUIView.cpp; sourceTree = "<group>"; };
		03C9E309202CDFD000FDB02C /* YUIView.hpp */ = {isa = PBXFileReference; lastKnownFileType = sourcecode.cpp.h; path = YUIView.hpp; sourceTree = "<group>"; };
		03C9E30D202CF09000FDB02C /* YUILabel.cpp */ = {isa = PBXFileReference; lastKnownFileType = sourcecode.cpp.cpp; path = YUILabel.cpp; sourceTree = "<group>"; };
		03C9E30E202CF09000FDB02C /* YUILabel.hpp */ = {isa = PBXFileReference; lastKnownFileType = sourcecode.cpp.h; path = YUILabel.hpp; sourceTree = "<group>"; };
		03C9E311202F877D00FDB02C /* content */ = {isa = PBXFileReference; lastKnownFileType = folder; path = content; sourceTree = "<group>"; };
		03CCBAA21FF415CD001D30F4 /* FractalNoise.cpp */ = {isa = PBXFileReference; fileEncoding = 4; lastKnownFileType = sourcecode.cpp.cpp; path = FractalNoise.cpp; sourceTree = "<group>"; };
		03CCBAA31FF415CD001D30F4 /* Perlin.h */ = {isa = PBXFileReference; fileEncoding = 4; lastKnownFileType = sourcecode.c.h; path = Perlin.h; sourceTree = "<group>"; };
		03CCBAA41FF415CD001D30F4 /* FractalNoise.h */ = {isa = PBXFileReference; fileEncoding = 4; lastKnownFileType = sourcecode.c.h; path = FractalNoise.h; sourceTree = "<group>"; };
		03CCBAA51FF415CD001D30F4 /* Perlin.cpp */ = {isa = PBXFileReference; fileEncoding = 4; lastKnownFileType = sourcecode.cpp.cpp; path = Perlin.cpp; sourceTree = "<group>"; };
		03CCBAAA1FF45AAA001D30F4 /* MapObject.cpp */ = {isa = PBXFileReference; lastKnownFileType = sourcecode.cpp.cpp; path = MapObject.cpp; sourceTree = "<group>"; };
		03CCBAAB1FF45AAA001D30F4 /* MapObject.hpp */ = {isa = PBXFileReference; lastKnownFileType = sourcecode.cpp.h; path = MapObject.hpp; sourceTree = "<group>"; };
		03CCBAAF1FF45BBF001D30F4 /* ObjectDesign.cpp */ = {isa = PBXFileReference; lastKnownFileType = sourcecode.cpp.cpp; path = ObjectDesign.cpp; sourceTree = "<group>"; };
		03CCBAB01FF45BBF001D30F4 /* ObjectDesign.hpp */ = {isa = PBXFileReference; lastKnownFileType = sourcecode.cpp.h; path = ObjectDesign.hpp; sourceTree = "<group>"; };
		03CCBAB81FF4672C001D30F4 /* DataStore.cpp */ = {isa = PBXFileReference; lastKnownFileType = sourcecode.cpp.cpp; path = DataStore.cpp; sourceTree = "<group>"; };
		03CCBAB91FF4672C001D30F4 /* DataStore.hpp */ = {isa = PBXFileReference; lastKnownFileType = sourcecode.cpp.h; path = DataStore.hpp; sourceTree = "<group>"; };
		03F433211FFD866C004700AA /* Coord.h */ = {isa = PBXFileReference; lastKnownFileType = sourcecode.c.h; path = Coord.h; sourceTree = "<group>"; };
		1AC6FAE5180E9839004C840B /* cocos2d_libs.xcodeproj */ = {isa = PBXFileReference; lastKnownFileType = "wrapper.pb-project"; name = cocos2d_libs.xcodeproj; path = ../cocos2d/build/cocos2d_libs.xcodeproj; sourceTree = "<group>"; };
		1ACB3243164770DE00914215 /* libcurl.a */ = {isa = PBXFileReference; lastKnownFileType = archive.ar; name = libcurl.a; path = ../../cocos2dx/platform/third_party/ios/libraries/libcurl.a; sourceTree = "<group>"; };
		1D30AB110D05D00D00671497 /* Foundation.framework */ = {isa = PBXFileReference; lastKnownFileType = wrapper.framework; name = Foundation.framework; path = System/Library/Frameworks/Foundation.framework; sourceTree = SDKROOT; };
		1D6058910D05DD3D006BFB54 /* nirgal-mobile.app */ = {isa = PBXFileReference; explicitFileType = wrapper.application; includeInIndex = 0; path = "nirgal-mobile.app"; sourceTree = BUILT_PRODUCTS_DIR; };
		1DF5F4DF0D08C38300B7A737 /* UIKit.framework */ = {isa = PBXFileReference; lastKnownFileType = wrapper.framework; name = UIKit.framework; path = System/Library/Frameworks/UIKit.framework; sourceTree = SDKROOT; };
		288765A40DF7441C002DB57D /* CoreGraphics.framework */ = {isa = PBXFileReference; lastKnownFileType = wrapper.framework; name = CoreGraphics.framework; path = System/Library/Frameworks/CoreGraphics.framework; sourceTree = SDKROOT; };
		294D0D631D0D56D500F7F5D4 /* CoreText.framework */ = {isa = PBXFileReference; lastKnownFileType = wrapper.framework; name = CoreText.framework; path = Platforms/iPhoneOS.platform/Developer/SDKs/iPhoneOS9.3.sdk/System/Library/Frameworks/CoreText.framework; sourceTree = DEVELOPER_DIR; };
		46880B8419C43A87006E1F66 /* AppDelegate.cpp */ = {isa = PBXFileReference; fileEncoding = 4; lastKnownFileType = sourcecode.cpp.cpp; path = AppDelegate.cpp; sourceTree = "<group>"; };
		46880B8519C43A87006E1F66 /* AppDelegate.h */ = {isa = PBXFileReference; fileEncoding = 4; lastKnownFileType = sourcecode.c.h; path = AppDelegate.h; sourceTree = "<group>"; };
		503AE0F617EB97AB00D1A890 /* Icon.icns */ = {isa = PBXFileReference; lastKnownFileType = image.icns; path = Icon.icns; sourceTree = "<group>"; };
		503AE0F717EB97AB00D1A890 /* Info.plist */ = {isa = PBXFileReference; fileEncoding = 4; lastKnownFileType = text.plist.xml; path = Info.plist; sourceTree = "<group>"; };
		503AE0FA17EB989F00D1A890 /* AppController.h */ = {isa = PBXFileReference; fileEncoding = 4; lastKnownFileType = sourcecode.c.h; name = AppController.h; path = ios/AppController.h; sourceTree = SOURCE_ROOT; };
		503AE0FB17EB989F00D1A890 /* AppController.mm */ = {isa = PBXFileReference; fileEncoding = 4; lastKnownFileType = sourcecode.cpp.objcpp; name = AppController.mm; path = ios/AppController.mm; sourceTree = SOURCE_ROOT; };
		503AE0FC17EB989F00D1A890 /* main.m */ = {isa = PBXFileReference; fileEncoding = 4; lastKnownFileType = sourcecode.c.objc; name = main.m; path = ios/main.m; sourceTree = SOURCE_ROOT; };
		503AE0FD17EB989F00D1A890 /* Prefix.pch */ = {isa = PBXFileReference; fileEncoding = 4; lastKnownFileType = sourcecode.c.h; name = Prefix.pch; path = ios/Prefix.pch; sourceTree = SOURCE_ROOT; };
		503AE0FE17EB989F00D1A890 /* RootViewController.h */ = {isa = PBXFileReference; fileEncoding = 4; lastKnownFileType = sourcecode.c.h; name = RootViewController.h; path = ios/RootViewController.h; sourceTree = SOURCE_ROOT; };
		503AE0FF17EB989F00D1A890 /* RootViewController.mm */ = {isa = PBXFileReference; fileEncoding = 4; lastKnownFileType = sourcecode.cpp.objcpp; name = RootViewController.mm; path = ios/RootViewController.mm; sourceTree = SOURCE_ROOT; };
		503AE10317EB98FF00D1A890 /* main.cpp */ = {isa = PBXFileReference; fileEncoding = 4; lastKnownFileType = sourcecode.cpp.cpp; name = main.cpp; path = mac/main.cpp; sourceTree = "<group>"; };
		503AE10417EB98FF00D1A890 /* Prefix.pch */ = {isa = PBXFileReference; fileEncoding = 4; lastKnownFileType = sourcecode.c.h; name = Prefix.pch; path = mac/Prefix.pch; sourceTree = "<group>"; };
		503AE11117EB99EE00D1A890 /* libcurl.dylib */ = {isa = PBXFileReference; lastKnownFileType = "compiled.mach-o.dylib"; name = libcurl.dylib; path = usr/lib/libcurl.dylib; sourceTree = SDKROOT; };
		503AE11A17EB9C5A00D1A890 /* IOKit.framework */ = {isa = PBXFileReference; lastKnownFileType = wrapper.framework; name = IOKit.framework; path = System/Library/Frameworks/IOKit.framework; sourceTree = SDKROOT; };
		5087E76F17EB910900C73F5D /* nirgal-desktop.app */ = {isa = PBXFileReference; explicitFileType = wrapper.application; includeInIndex = 0; path = "nirgal-desktop.app"; sourceTree = BUILT_PRODUCTS_DIR; };
		5087E77217EB970100C73F5D /* Default-568h@2x.png */ = {isa = PBXFileReference; lastKnownFileType = image.png; path = "Default-568h@2x.png"; sourceTree = "<group>"; };
		5087E77317EB970100C73F5D /* Default.png */ = {isa = PBXFileReference; lastKnownFileType = image.png; path = Default.png; sourceTree = "<group>"; };
		5087E77417EB970100C73F5D /* Default@2x.png */ = {isa = PBXFileReference; lastKnownFileType = image.png; path = "Default@2x.png"; sourceTree = "<group>"; };
		5087E77517EB970100C73F5D /* Icon-114.png */ = {isa = PBXFileReference; lastKnownFileType = image.png; path = "Icon-114.png"; sourceTree = "<group>"; };
		5087E77617EB970100C73F5D /* Icon-120.png */ = {isa = PBXFileReference; lastKnownFileType = image.png; path = "Icon-120.png"; sourceTree = "<group>"; };
		5087E77717EB970100C73F5D /* Icon-144.png */ = {isa = PBXFileReference; lastKnownFileType = image.png; path = "Icon-144.png"; sourceTree = "<group>"; };
		5087E77817EB970100C73F5D /* Icon-152.png */ = {isa = PBXFileReference; lastKnownFileType = image.png; path = "Icon-152.png"; sourceTree = "<group>"; };
		5087E77917EB970100C73F5D /* Icon-57.png */ = {isa = PBXFileReference; lastKnownFileType = image.png; path = "Icon-57.png"; sourceTree = "<group>"; };
		5087E77A17EB970100C73F5D /* Icon-72.png */ = {isa = PBXFileReference; lastKnownFileType = image.png; path = "Icon-72.png"; sourceTree = "<group>"; };
		5087E77B17EB970100C73F5D /* Icon-76.png */ = {isa = PBXFileReference; lastKnownFileType = image.png; path = "Icon-76.png"; sourceTree = "<group>"; };
		5087E77C17EB970100C73F5D /* Info.plist */ = {isa = PBXFileReference; fileEncoding = 4; lastKnownFileType = text.plist.xml; path = Info.plist; sourceTree = "<group>"; };
		5087E78817EB974C00C73F5D /* AppKit.framework */ = {isa = PBXFileReference; lastKnownFileType = wrapper.framework; name = AppKit.framework; path = System/Library/Frameworks/AppKit.framework; sourceTree = SDKROOT; };
		5087E78A17EB975400C73F5D /* OpenGL.framework */ = {isa = PBXFileReference; lastKnownFileType = wrapper.framework; name = OpenGL.framework; path = System/Library/Frameworks/OpenGL.framework; sourceTree = SDKROOT; };
		50EF629217ECD46A001EB2F8 /* Icon-40.png */ = {isa = PBXFileReference; lastKnownFileType = image.png; path = "Icon-40.png"; sourceTree = "<group>"; };
		50EF629317ECD46A001EB2F8 /* Icon-58.png */ = {isa = PBXFileReference; lastKnownFileType = image.png; path = "Icon-58.png"; sourceTree = "<group>"; };
		50EF629417ECD46A001EB2F8 /* Icon-80.png */ = {isa = PBXFileReference; lastKnownFileType = image.png; path = "Icon-80.png"; sourceTree = "<group>"; };
		50EF629517ECD46A001EB2F8 /* Icon-100.png */ = {isa = PBXFileReference; lastKnownFileType = image.png; path = "Icon-100.png"; sourceTree = "<group>"; };
		50EF62A017ECD613001EB2F8 /* Icon-29.png */ = {isa = PBXFileReference; lastKnownFileType = image.png; path = "Icon-29.png"; sourceTree = "<group>"; };
		50EF62A117ECD613001EB2F8 /* Icon-50.png */ = {isa = PBXFileReference; lastKnownFileType = image.png; path = "Icon-50.png"; sourceTree = "<group>"; };
		521A8E6219F0C34300D177D7 /* Default-667h@2x.png */ = {isa = PBXFileReference; lastKnownFileType = image.png; path = "Default-667h@2x.png"; sourceTree = "<group>"; };
		521A8E6319F0C34300D177D7 /* Default-736h@3x.png */ = {isa = PBXFileReference; lastKnownFileType = image.png; path = "Default-736h@3x.png"; sourceTree = "<group>"; };
		521A8EA819F11F5000D177D7 /* fonts */ = {isa = PBXFileReference; lastKnownFileType = folder; path = fonts; sourceTree = "<group>"; };
		52B47A461A53D09B004E4C60 /* Security.framework */ = {isa = PBXFileReference; lastKnownFileType = wrapper.framework; name = Security.framework; path = Platforms/iPhoneOS.platform/Developer/SDKs/iPhoneOS8.1.sdk/System/Library/Frameworks/Security.framework; sourceTree = DEVELOPER_DIR; };
		8262943D1AAF051F00CB7CF7 /* Security.framework */ = {isa = PBXFileReference; lastKnownFileType = wrapper.framework; name = Security.framework; path = System/Library/Frameworks/Security.framework; sourceTree = SDKROOT; };
		BF170DB012928DE900B8313A /* OpenGLES.framework */ = {isa = PBXFileReference; lastKnownFileType = wrapper.framework; name = OpenGLES.framework; path = System/Library/Frameworks/OpenGLES.framework; sourceTree = SDKROOT; };
		BF170DB412928DE900B8313A /* libz.dylib */ = {isa = PBXFileReference; lastKnownFileType = "compiled.mach-o.dylib"; name = libz.dylib; path = usr/lib/libz.dylib; sourceTree = SDKROOT; };
		BF1C47EA1293683800B63C5D /* QuartzCore.framework */ = {isa = PBXFileReference; lastKnownFileType = wrapper.framework; name = QuartzCore.framework; path = System/Library/Frameworks/QuartzCore.framework; sourceTree = SDKROOT; };
		D44C620B132DFF330009C878 /* OpenAL.framework */ = {isa = PBXFileReference; lastKnownFileType = wrapper.framework; name = OpenAL.framework; path = System/Library/Frameworks/OpenAL.framework; sourceTree = SDKROOT; };
		D44C620D132DFF430009C878 /* AVFoundation.framework */ = {isa = PBXFileReference; lastKnownFileType = wrapper.framework; name = AVFoundation.framework; path = System/Library/Frameworks/AVFoundation.framework; sourceTree = SDKROOT; };
		D44C620F132DFF4E0009C878 /* AudioToolbox.framework */ = {isa = PBXFileReference; lastKnownFileType = wrapper.framework; name = AudioToolbox.framework; path = System/Library/Frameworks/AudioToolbox.framework; sourceTree = SDKROOT; };
		D6B0611A1803AB670077942B /* CoreMotion.framework */ = {isa = PBXFileReference; lastKnownFileType = wrapper.framework; name = CoreMotion.framework; path = Platforms/iPhoneOS.platform/Developer/SDKs/iPhoneOS7.0.sdk/System/Library/Frameworks/CoreMotion.framework; sourceTree = DEVELOPER_DIR; };
		ED545A7B1B68A1F400C3958E /* libiconv.dylib */ = {isa = PBXFileReference; lastKnownFileType = "compiled.mach-o.dylib"; name = libiconv.dylib; path = Platforms/iPhoneOS.platform/Developer/SDKs/iPhoneOS8.4.sdk/usr/lib/libiconv.dylib; sourceTree = DEVELOPER_DIR; };
		ED545A7D1B68A1FA00C3958E /* libiconv.dylib */ = {isa = PBXFileReference; lastKnownFileType = "compiled.mach-o.dylib"; name = libiconv.dylib; path = usr/lib/libiconv.dylib; sourceTree = SDKROOT; };
/* End PBXFileReference section */

/* Begin PBXFrameworksBuildPhase section */
		1D60588F0D05DD3D006BFB54 /* Frameworks */ = {
			isa = PBXFrameworksBuildPhase;
			buildActionMask = 2147483647;
			files = (
				294D0D641D0D56D500F7F5D4 /* CoreText.framework in Frameworks */,
				ED545A7C1B68A1F400C3958E /* libiconv.dylib in Frameworks */,
				52B47A471A53D09C004E4C60 /* Security.framework in Frameworks */,
				1AC6FB30180E99EB004C840B /* libcocos2d iOS.a in Frameworks */,
				D6B0611B1803AB670077942B /* CoreMotion.framework in Frameworks */,
				1D60589F0D05DD5A006BFB54 /* Foundation.framework in Frameworks */,
				1DF5F4E00D08C38300B7A737 /* UIKit.framework in Frameworks */,
				288765A50DF7441C002DB57D /* CoreGraphics.framework in Frameworks */,
				BF171245129291EC00B8313A /* OpenGLES.framework in Frameworks */,
				BF1712471292920000B8313A /* libz.dylib in Frameworks */,
				BF1C47F01293687400B63C5D /* QuartzCore.framework in Frameworks */,
				D44C620C132DFF330009C878 /* OpenAL.framework in Frameworks */,
				D44C620E132DFF430009C878 /* AVFoundation.framework in Frameworks */,
				0340F5A82032168E00D166EC /* libyaml-cpp.0.6.0.dylib in Frameworks */,
				D44C6210132DFF4E0009C878 /* AudioToolbox.framework in Frameworks */,
			);
			runOnlyForDeploymentPostprocessing = 0;
		};
		5087E75C17EB910900C73F5D /* Frameworks */ = {
			isa = PBXFrameworksBuildPhase;
			buildActionMask = 2147483647;
			files = (
				ED545A7E1B68A1FA00C3958E /* libiconv.dylib in Frameworks */,
				1AC6FB21180E996B004C840B /* libcocos2d Mac.a in Frameworks */,
				5087E76717EB910900C73F5D /* libz.dylib in Frameworks */,
				0340F5A92032169600D166EC /* libyaml-cpp.0.6.0.dylib in Frameworks */,
				8262943E1AAF051F00CB7CF7 /* Security.framework in Frameworks */,
				503AE11B17EB9C5A00D1A890 /* IOKit.framework in Frameworks */,
				5087E78B17EB975400C73F5D /* OpenGL.framework in Frameworks */,
				5087E78917EB974C00C73F5D /* AppKit.framework in Frameworks */,
				5087E76317EB910900C73F5D /* Foundation.framework in Frameworks */,
				5087E76817EB910900C73F5D /* QuartzCore.framework in Frameworks */,
				5087E76917EB910900C73F5D /* OpenAL.framework in Frameworks */,
				5087E76A17EB910900C73F5D /* AVFoundation.framework in Frameworks */,
				5087E76B17EB910900C73F5D /* AudioToolbox.framework in Frameworks */,
			);
			runOnlyForDeploymentPostprocessing = 0;
		};
/* End PBXFrameworksBuildPhase section */

/* Begin PBXGroup section */
		033F035C200D62F700E5ED63 /* Astronauts */ = {
			isa = PBXGroup;
			children = (
				036BAA2A201413560021EE81 /* AstronautRoute.cpp */,
				036BAA2B201413560021EE81 /* AstronautRoute.hpp */,
				033F035D200D681100E5ED63 /* AstronautAction.cpp */,
				033F035E200D681100E5ED63 /* AstronautAction.hpp */,
				033F0358200D621000E5ED63 /* AstronautGoal.cpp */,
				033F0359200D621000E5ED63 /* AstronautGoal.hpp */,
				0395B9412009749400EE31E2 /* Astronaut.cpp */,
				0395B9422009749400EE31E2 /* Astronaut.hpp */,
			);
			name = Astronauts;
			sourceTree = "<group>";
		};
		0340F60A203247AF00D166EC /* Objects */ = {
			isa = PBXGroup;
			children = (
				0340F6052032471E00D166EC /* ObjectInteraction.cpp */,
				0340F6062032471E00D166EC /* ObjectInteraction.hpp */,
				03CCBAAF1FF45BBF001D30F4 /* ObjectDesign.cpp */,
				03CCBAB01FF45BBF001D30F4 /* ObjectDesign.hpp */,
			);
			name = Objects;
			sourceTree = "<group>";
		};
		0340F60B203247B500D166EC /* Astronauts */ = {
			isa = PBXGroup;
			children = (
				0340F60C203247C500D166EC /* AstronautDesign.cpp */,
				0340F60D203247C500D166EC /* AstronautDesign.hpp */,
			);
			name = Astronauts;
			sourceTree = "<group>";
		};
		034D29DE2048C0F200AFE0F9 /* Terrains */ = {
			isa = PBXGroup;
			children = (
			);
			name = Terrains;
			sourceTree = "<group>";
		};
		034D29E4204B391600AFE0F9 /* GUI */ = {
			isa = PBXGroup;
			children = (
				034D29EA204B45D800AFE0F9 /* ObjectSprite.cpp */,
				034D29EB204B45D800AFE0F9 /* ObjectSprite.hpp */,
				034D29E5204B392200AFE0F9 /* AstronautSprite.cpp */,
				034D29E6204B392200AFE0F9 /* AstronautSprite.hpp */,
			);
			name = GUI;
			sourceTree = "<group>";
		};
		03A53A701FDB3CB50053F265 /* View Hierarchy */ = {
			isa = PBXGroup;
			children = (
				03A53A731FDB3CED0053F265 /* Main Game */,
				03A53A721FDB3CC60053F265 /* Main Menu */,
			);
			name = "View Hierarchy";
			sourceTree = "<group>";
		};
		03A53A721FDB3CC60053F265 /* Main Menu */ = {
			isa = PBXGroup;
			children = (
				03A53A801FDB3D500053F265 /* SCMainMenu.cpp */,
				03A53A7F1FDB3D500053F265 /* SCMainMenu.h */,
			);
			name = "Main Menu";
			sourceTree = "<group>";
		};
		03A53A731FDB3CED0053F265 /* Main Game */ = {
			isa = PBXGroup;
			children = (
				034D29E4204B391600AFE0F9 /* GUI */,
				03A53A7B1FDB3D390053F265 /* SCGame.cpp */,
				03A53A7C1FDB3D390053F265 /* SCGame.h */,
			);
			name = "Main Game";
			sourceTree = "<group>";
		};
		03A53A831FDB3D760053F265 /* Model */ = {
			isa = PBXGroup;
			children = (
				03CCBAAE1FF45BAA001D30F4 /* Designs */,
				033F035C200D62F700E5ED63 /* Astronauts */,
				03C568BD1FE1D1F400DA7D6A /* Map.cpp */,
				03C568BE1FE1D1F400DA7D6A /* Map.h */,
				03CCBAAA1FF45AAA001D30F4 /* MapObject.cpp */,
				03CCBAAB1FF45AAA001D30F4 /* MapObject.hpp */,
			);
			name = Model;
			sourceTree = "<group>";
		};
		03C9E306202CDD1000FDB02C /* UI */ = {
			isa = PBXGroup;
			children = (
				03C9E30C202CEDC600FDB02C /* YUIView */,
			);
			name = UI;
			sourceTree = "<group>";
		};
		03C9E30C202CEDC600FDB02C /* YUIView */ = {
			isa = PBXGroup;
			children = (
				03C9E308202CDFD000FDB02C /* YUIView.cpp */,
				03C9E309202CDFD000FDB02C /* YUIView.hpp */,
				03C9E30D202CF09000FDB02C /* YUILabel.cpp */,
				03C9E30E202CF09000FDB02C /* YUILabel.hpp */,
			);
			name = YUIView;
			sourceTree = "<group>";
		};
		03CCBA9F1FF415AA001D30F4 /* Util */ = {
			isa = PBXGroup;
			children = (
				0340F6022032187B00D166EC /* yaml-cpp */,
				03CCBAA11FF415BA001D30F4 /* PerlinNoise */,
			);
			name = Util;
			sourceTree = "<group>";
		};
		03CCBAA11FF415BA001D30F4 /* PerlinNoise */ = {
			isa = PBXGroup;
			children = (
				03CCBAA21FF415CD001D30F4 /* FractalNoise.cpp */,
				03CCBAA41FF415CD001D30F4 /* FractalNoise.h */,
				03CCBAA51FF415CD001D30F4 /* Perlin.cpp */,
				03CCBAA31FF415CD001D30F4 /* Perlin.h */,
			);
			name = PerlinNoise;
			sourceTree = "<group>";
		};
		03CCBAAE1FF45BAA001D30F4 /* Designs */ = {
			isa = PBXGroup;
			children = (
				034D29DE2048C0F200AFE0F9 /* Terrains */,
				0340F60B203247B500D166EC /* Astronauts */,
				0340F60A203247AF00D166EC /* Objects */,
				03F433211FFD866C004700AA /* Coord.h */,
				03CCBAB81FF4672C001D30F4 /* DataStore.cpp */,
				03CCBAB91FF4672C001D30F4 /* DataStore.hpp */,
			);
			name = Designs;
			sourceTree = "<group>";
		};
		080E96DDFE201D6D7F000001 /* ios */ = {
			isa = PBXGroup;
			children = (
				5087E77117EB970100C73F5D /* Icons */,
				503AE0FA17EB989F00D1A890 /* AppController.h */,
				503AE0FB17EB989F00D1A890 /* AppController.mm */,
				503AE0FC17EB989F00D1A890 /* main.m */,
				503AE0FD17EB989F00D1A890 /* Prefix.pch */,
				503AE0FE17EB989F00D1A890 /* RootViewController.h */,
				503AE0FF17EB989F00D1A890 /* RootViewController.mm */,
			);
			name = ios;
			path = Classes;
			sourceTree = "<group>";
		};
		19C28FACFE9D520D11CA2CBB /* Products */ = {
			isa = PBXGroup;
			children = (
				1D6058910D05DD3D006BFB54 /* nirgal-mobile.app */,
				5087E76F17EB910900C73F5D /* nirgal-desktop.app */,
			);
			name = Products;
			sourceTree = "<group>";
		};
		1AC6FAE6180E9839004C840B /* Products */ = {
			isa = PBXGroup;
			children = (
				1AC6FAF9180E9839004C840B /* libcocos2d Mac.a */,
				1AC6FB07180E9839004C840B /* libcocos2d iOS.a */,
				03C6A9961FD5E1E6000F274B /* libcocos2d tvOS.a */,
			);
			name = Products;
			sourceTree = "<group>";
		};
		29B97314FDCFA39411CA2CEA /* CustomTemplate */ = {
			isa = PBXGroup;
			children = (
				46880B8319C43A87006E1F66 /* Classes */,
				46880B7519C43A67006E1F66 /* Resources */,
				1AC6FAE5180E9839004C840B /* cocos2d_libs.xcodeproj */,
				29B97323FDCFA39411CA2CEA /* Frameworks */,
				080E96DDFE201D6D7F000001 /* ios */,
				503AE10617EB990700D1A890 /* mac */,
				19C28FACFE9D520D11CA2CBB /* Products */,
			);
			name = CustomTemplate;
			sourceTree = "<group>";
		};
		29B97323FDCFA39411CA2CEA /* Frameworks */ = {
			isa = PBXGroup;
			children = (
				0340F5A72032168E00D166EC /* libyaml-cpp.0.6.0.dylib */,
				294D0D631D0D56D500F7F5D4 /* CoreText.framework */,
				ED545A7D1B68A1FA00C3958E /* libiconv.dylib */,
				ED545A7B1B68A1F400C3958E /* libiconv.dylib */,
				8262943D1AAF051F00CB7CF7 /* Security.framework */,
				52B47A461A53D09B004E4C60 /* Security.framework */,
				D6B0611A1803AB670077942B /* CoreMotion.framework */,
				503AE11A17EB9C5A00D1A890 /* IOKit.framework */,
				503AE11117EB99EE00D1A890 /* libcurl.dylib */,
				5087E78A17EB975400C73F5D /* OpenGL.framework */,
				5087E78817EB974C00C73F5D /* AppKit.framework */,
				1ACB3243164770DE00914215 /* libcurl.a */,
				BF170DB412928DE900B8313A /* libz.dylib */,
				D44C620F132DFF4E0009C878 /* AudioToolbox.framework */,
				D44C620D132DFF430009C878 /* AVFoundation.framework */,
				288765A40DF7441C002DB57D /* CoreGraphics.framework */,
				1D30AB110D05D00D00671497 /* Foundation.framework */,
				D44C620B132DFF330009C878 /* OpenAL.framework */,
				BF170DB012928DE900B8313A /* OpenGLES.framework */,
				BF1C47EA1293683800B63C5D /* QuartzCore.framework */,
				1DF5F4DF0D08C38300B7A737 /* UIKit.framework */,
			);
			name = Frameworks;
			sourceTree = "<group>";
		};
		46880B7519C43A67006E1F66 /* Resources */ = {
			isa = PBXGroup;
			children = (
				034D29E1204B31F800AFE0F9 /* ui */,
				03C9E311202F877D00FDB02C /* content */,
				521A8EA819F11F5000D177D7 /* fonts */,
			);
			name = Resources;
			path = ../Resources;
			sourceTree = "<group>";
		};
		46880B8319C43A87006E1F66 /* Classes */ = {
			isa = PBXGroup;
			children = (
				03CCBA9F1FF415AA001D30F4 /* Util */,
				03C9E306202CDD1000FDB02C /* UI */,
				03A53A831FDB3D760053F265 /* Model */,
				03A53A701FDB3CB50053F265 /* View Hierarchy */,
				46880B8419C43A87006E1F66 /* AppDelegate.cpp */,
				46880B8519C43A87006E1F66 /* AppDelegate.h */,
			);
			name = Classes;
			path = ../Classes;
			sourceTree = "<group>";
		};
		503AE0F517EB97AB00D1A890 /* Icons */ = {
			isa = PBXGroup;
			children = (
				503AE0F617EB97AB00D1A890 /* Icon.icns */,
				503AE0F717EB97AB00D1A890 /* Info.plist */,
			);
			name = Icons;
			path = mac;
			sourceTree = SOURCE_ROOT;
		};
		503AE10617EB990700D1A890 /* mac */ = {
			isa = PBXGroup;
			children = (
				503AE0F517EB97AB00D1A890 /* Icons */,
				503AE10317EB98FF00D1A890 /* main.cpp */,
				503AE10417EB98FF00D1A890 /* Prefix.pch */,
			);
			name = mac;
			sourceTree = "<group>";
		};
		5087E77117EB970100C73F5D /* Icons */ = {
			isa = PBXGroup;
			children = (
				521A8E6219F0C34300D177D7 /* Default-667h@2x.png */,
				521A8E6319F0C34300D177D7 /* Default-736h@3x.png */,
				5087E77217EB970100C73F5D /* Default-568h@2x.png */,
				5087E77317EB970100C73F5D /* Default.png */,
				5087E77417EB970100C73F5D /* Default@2x.png */,
				50EF62A017ECD613001EB2F8 /* Icon-29.png */,
				50EF62A117ECD613001EB2F8 /* Icon-50.png */,
				50EF629217ECD46A001EB2F8 /* Icon-40.png */,
				50EF629317ECD46A001EB2F8 /* Icon-58.png */,
				50EF629417ECD46A001EB2F8 /* Icon-80.png */,
				50EF629517ECD46A001EB2F8 /* Icon-100.png */,
				5087E77517EB970100C73F5D /* Icon-114.png */,
				5087E77617EB970100C73F5D /* Icon-120.png */,
				5087E77717EB970100C73F5D /* Icon-144.png */,
				5087E77817EB970100C73F5D /* Icon-152.png */,
				5087E77917EB970100C73F5D /* Icon-57.png */,
				5087E77A17EB970100C73F5D /* Icon-72.png */,
				5087E77B17EB970100C73F5D /* Icon-76.png */,
				5087E77C17EB970100C73F5D /* Info.plist */,
			);
			name = Icons;
			path = ios;
			sourceTree = SOURCE_ROOT;
		};
/* End PBXGroup section */

/* Begin PBXHeadersBuildPhase section */
		03C9E38A202FB58400FDB02C /* Headers */ = {
			isa = PBXHeadersBuildPhase;
			buildActionMask = 2147483647;
			files = (
				034D29EE204B45D800AFE0F9 /* ObjectSprite.hpp in Headers */,
				0340F610203247C500D166EC /* AstronautDesign.hpp in Headers */,
				034D29E9204B392200AFE0F9 /* AstronautSprite.hpp in Headers */,
				0340F6092032471E00D166EC /* ObjectInteraction.hpp in Headers */,
			);
			runOnlyForDeploymentPostprocessing = 0;
		};
/* End PBXHeadersBuildPhase section */

/* Begin PBXNativeTarget section */
		1D6058900D05DD3D006BFB54 /* nirgal-mobile */ = {
			isa = PBXNativeTarget;
			buildConfigurationList = 1D6058960D05DD3E006BFB54 /* Build configuration list for PBXNativeTarget "nirgal-mobile" */;
			buildPhases = (
				1D60588D0D05DD3D006BFB54 /* Resources */,
				03C9E38A202FB58400FDB02C /* Headers */,
				1D60588E0D05DD3D006BFB54 /* Sources */,
				1D60588F0D05DD3D006BFB54 /* Frameworks */,
			);
			buildRules = (
			);
			dependencies = (
				1AC6FB25180E99E1004C840B /* PBXTargetDependency */,
			);
			name = "nirgal-mobile";
			productName = iphone;
			productReference = 1D6058910D05DD3D006BFB54 /* nirgal-mobile.app */;
			productType = "com.apple.product-type.application";
		};
		5087E73D17EB910900C73F5D /* nirgal-desktop */ = {
			isa = PBXNativeTarget;
			buildConfigurationList = 5087E76C17EB910900C73F5D /* Build configuration list for PBXNativeTarget "nirgal-desktop" */;
			buildPhases = (
				5087E74817EB910900C73F5D /* Resources */,
				5087E75617EB910900C73F5D /* Sources */,
				5087E75C17EB910900C73F5D /* Frameworks */,
			);
			buildRules = (
			);
			dependencies = (
				1AC6FB16180E9959004C840B /* PBXTargetDependency */,
			);
			name = "nirgal-desktop";
			productName = iphone;
			productReference = 5087E76F17EB910900C73F5D /* nirgal-desktop.app */;
			productType = "com.apple.product-type.application";
		};
/* End PBXNativeTarget section */

/* Begin PBXProject section */
		29B97313FDCFA39411CA2CEA /* Project object */ = {
			isa = PBXProject;
			attributes = {
				LastUpgradeCheck = 0500;
			};
			buildConfigurationList = C01FCF4E08A954540054247B /* Build configuration list for PBXProject "nirgal" */;
			compatibilityVersion = "Xcode 3.2";
			developmentRegion = English;
			hasScannedForEncodings = 1;
			knownRegions = (
				English,
				Japanese,
				French,
				German,
			);
			mainGroup = 29B97314FDCFA39411CA2CEA /* CustomTemplate */;
			projectDirPath = "";
			projectReferences = (
				{
					ProductGroup = 1AC6FAE6180E9839004C840B /* Products */;
					ProjectRef = 1AC6FAE5180E9839004C840B /* cocos2d_libs.xcodeproj */;
				},
			);
			projectRoot = "";
			targets = (
				1D6058900D05DD3D006BFB54 /* nirgal-mobile */,
				5087E73D17EB910900C73F5D /* nirgal-desktop */,
			);
		};
/* End PBXProject section */

/* Begin PBXReferenceProxy section */
		03C6A9961FD5E1E6000F274B /* libcocos2d tvOS.a */ = {
			isa = PBXReferenceProxy;
			fileType = archive.ar;
			path = "libcocos2d tvOS.a";
			remoteRef = 03C6A9951FD5E1E6000F274B /* PBXContainerItemProxy */;
			sourceTree = BUILT_PRODUCTS_DIR;
		};
		1AC6FAF9180E9839004C840B /* libcocos2d Mac.a */ = {
			isa = PBXReferenceProxy;
			fileType = archive.ar;
			path = "libcocos2d Mac.a";
			remoteRef = 1AC6FAF8180E9839004C840B /* PBXContainerItemProxy */;
			sourceTree = BUILT_PRODUCTS_DIR;
		};
		1AC6FB07180E9839004C840B /* libcocos2d iOS.a */ = {
			isa = PBXReferenceProxy;
			fileType = archive.ar;
			path = "libcocos2d iOS.a";
			remoteRef = 1AC6FB06180E9839004C840B /* PBXContainerItemProxy */;
			sourceTree = BUILT_PRODUCTS_DIR;
		};
/* End PBXReferenceProxy section */

/* Begin PBXResourcesBuildPhase section */
		1D60588D0D05DD3D006BFB54 /* Resources */ = {
			isa = PBXResourcesBuildPhase;
			buildActionMask = 2147483647;
			files = (
				034D29E2204B31F800AFE0F9 /* ui in Resources */,
				5087E78117EB970100C73F5D /* Icon-120.png in Resources */,
				5087E78617EB970100C73F5D /* Icon-76.png in Resources */,
				5087E77F17EB970100C73F5D /* Default@2x.png in Resources */,
				50EF629917ECD46A001EB2F8 /* Icon-100.png in Resources */,
				5087E78317EB970100C73F5D /* Icon-152.png in Resources */,
				5087E77D17EB970100C73F5D /* Default-568h@2x.png in Resources */,
				5087E78517EB970100C73F5D /* Icon-72.png in Resources */,
				521A8E6519F0C34300D177D7 /* Default-736h@3x.png in Resources */,
				521A8EA919F11F5000D177D7 /* fonts in Resources */,
				50EF62A317ECD613001EB2F8 /* Icon-50.png in Resources */,
				5087E78017EB970100C73F5D /* Icon-114.png in Resources */,
				50EF62A217ECD613001EB2F8 /* Icon-29.png in Resources */,
				50EF629617ECD46A001EB2F8 /* Icon-40.png in Resources */,
				5087E78217EB970100C73F5D /* Icon-144.png in Resources */,
				03C9E312202F877E00FDB02C /* content in Resources */,
				50EF629817ECD46A001EB2F8 /* Icon-80.png in Resources */,
				5087E78417EB970100C73F5D /* Icon-57.png in Resources */,
				5087E77E17EB970100C73F5D /* Default.png in Resources */,
				521A8E6419F0C34300D177D7 /* Default-667h@2x.png in Resources */,
				0340F6032032187B00D166EC /* yaml-cpp in Resources */,
				50EF629717ECD46A001EB2F8 /* Icon-58.png in Resources */,
			);
			runOnlyForDeploymentPostprocessing = 0;
		};
		5087E74817EB910900C73F5D /* Resources */ = {
			isa = PBXResourcesBuildPhase;
			buildActionMask = 2147483647;
			files = (
				034D29E3204B31F800AFE0F9 /* ui in Resources */,
				03C9E313202F877E00FDB02C /* content in Resources */,
				503AE0F817EB97AB00D1A890 /* Icon.icns in Resources */,
				521A8EAA19F11F5000D177D7 /* fonts in Resources */,
			);
			runOnlyForDeploymentPostprocessing = 0;
		};
/* End PBXResourcesBuildPhase section */

/* Begin PBXSourcesBuildPhase section */
		1D60588E0D05DD3D006BFB54 /* Sources */ = {
			isa = PBXSourcesBuildPhase;
			buildActionMask = 2147483647;
			files = (
				46880B8819C43A87006E1F66 /* AppDelegate.cpp in Sources */,
				03A53A7D1FDB3D390053F265 /* SCGame.cpp in Sources */,
				03C9E30A202CDFD000FDB02C /* YUIView.cpp in Sources */,
				033F035F200D681100E5ED63 /* AstronautAction.cpp in Sources */,
				034D29E7204B392200AFE0F9 /* AstronautSprite.cpp in Sources */,
				036BAA2C201413560021EE81 /* AstronautRoute.cpp in Sources */,
				0340F6072032471E00D166EC /* ObjectInteraction.cpp in Sources */,
				033F035A200D621000E5ED63 /* AstronautGoal.cpp in Sources */,
				0340F60E203247C500D166EC /* AstronautDesign.cpp in Sources */,
				0395B9432009749400EE31E2 /* Astronaut.cpp in Sources */,
				503AE10017EB989F00D1A890 /* AppController.mm in Sources */,
				03CCBAAC1FF45AAA001D30F4 /* MapObject.cpp in Sources */,
				03A53A811FDB3D500053F265 /* SCMainMenu.cpp in Sources */,
				03C9E30F202CF09000FDB02C /* YUILabel.cpp in Sources */,
				03CCBABA1FF4672C001D30F4 /* DataStore.cpp in Sources */,
				03CCBAB11FF45BBF001D30F4 /* ObjectDesign.cpp in Sources */,
				03CCBAA61FF415CD001D30F4 /* FractalNoise.cpp in Sources */,
				503AE10217EB989F00D1A890 /* RootViewController.mm in Sources */,
				03C568BF1FE1D1F400DA7D6A /* Map.cpp in Sources */,
				034D29EC204B45D800AFE0F9 /* ObjectSprite.cpp in Sources */,
				03CCBAA81FF415CD001D30F4 /* Perlin.cpp in Sources */,
				503AE10117EB989F00D1A890 /* main.m in Sources */,
			);
			runOnlyForDeploymentPostprocessing = 0;
		};
		5087E75617EB910900C73F5D /* Sources */ = {
			isa = PBXSourcesBuildPhase;
			buildActionMask = 2147483647;
			files = (
				03CCBAA71FF415CD001D30F4 /* FractalNoise.cpp in Sources */,
				03CCBABB1FF4672C001D30F4 /* DataStore.cpp in Sources */,
				46880B8919C43A87006E1F66 /* AppDelegate.cpp in Sources */,
				03CCBAB21FF45BBF001D30F4 /* ObjectDesign.cpp in Sources */,
				03C568C11FE1D26500DA7D6A /* Map.cpp in Sources */,
				03CCBAAD1FF45AAA001D30F4 /* MapObject.cpp in Sources */,
				0340F60F203247C500D166EC /* AstronautDesign.cpp in Sources */,
				503AE10517EB98FF00D1A890 /* main.cpp in Sources */,
				0395B945200979C400EE31E2 /* Astronaut.cpp in Sources */,
				03CCBAA91FF415CD001D30F4 /* Perlin.cpp in Sources */,
				03A53A7E1FDB3D410053F265 /* SCGame.cpp in Sources */,
				03C9E30B202CE6F900FDB02C /* YUIView.cpp in Sources */,
				03A53A821FDB3D520053F265 /* SCMainMenu.cpp in Sources */,
				033F0361200D6F1B00E5ED63 /* AstronautGoal.cpp in Sources */,
				0340F6082032471E00D166EC /* ObjectInteraction.cpp in Sources */,
				03C9E310202CF13C00FDB02C /* YUILabel.cpp in Sources */,
				034D29E8204B392200AFE0F9 /* AstronautSprite.cpp in Sources */,
				033F0360200D6F1800E5ED63 /* AstronautAction.cpp in Sources */,
				034D29ED204B45D800AFE0F9 /* ObjectSprite.cpp in Sources */,
			);
			runOnlyForDeploymentPostprocessing = 0;
		};
/* End PBXSourcesBuildPhase section */

/* Begin PBXTargetDependency section */
		1AC6FB16180E9959004C840B /* PBXTargetDependency */ = {
			isa = PBXTargetDependency;
			name = "cocos2dx Mac";
			targetProxy = 1AC6FB15180E9959004C840B /* PBXContainerItemProxy */;
		};
		1AC6FB25180E99E1004C840B /* PBXTargetDependency */ = {
			isa = PBXTargetDependency;
			name = "cocos2dx iOS";
			targetProxy = 1AC6FB24180E99E1004C840B /* PBXContainerItemProxy */;
		};
/* End PBXTargetDependency section */

/* Begin XCBuildConfiguration section */
		1D6058940D05DD3E006BFB54 /* Debug */ = {
			isa = XCBuildConfiguration;
			buildSettings = {
				ALWAYS_SEARCH_USER_PATHS = YES;
				CODE_SIGN_IDENTITY = "iPhone Developer";
				COMPRESS_PNG_FILES = NO;
				ENABLE_BITCODE = NO;
				GCC_DYNAMIC_NO_PIC = NO;
				GCC_INLINES_ARE_PRIVATE_EXTERN = NO;
				GCC_PRECOMPILE_PREFIX_HEADER = YES;
				GCC_PREFIX_HEADER = ios/Prefix.pch;
				GCC_PREPROCESSOR_DEFINITIONS = (
					USE_FILE32API,
					"COCOS2D_DEBUG=1",
					"CC_ENABLE_CHIPMUNK_INTEGRATION=1",
				);
				GCC_SYMBOLS_PRIVATE_EXTERN = NO;
				HEADER_SEARCH_PATHS = "$(inherited)";
				INFOPLIST_FILE = ios/Info.plist;
				IPHONEOS_DEPLOYMENT_TARGET = 6.0;
				LIBRARY_SEARCH_PATHS = (
					"$(PROJECT_DIR)",
					"$(PROJECT_DIR)/yaml-cpp/test/gtest-1.8.0/googlemock/gtest/Debug",
					"$(PROJECT_DIR)/yaml-cpp/test/gtest-1.8.0/googlemock/Debug",
					"$(PROJECT_DIR)/yaml-cpp/Debug",
				);
				OTHER_LDFLAGS = (
					"$(_COCOS_LIB_IOS_BEGIN)",
					"$(_COCOS_LIB_IOS_END)",
				);
				SDKROOT = iphoneos;
				STRIP_PNG_TEXT = NO;
				TARGETED_DEVICE_FAMILY = "1,2";
				USER_HEADER_SEARCH_PATHS = "$(_COCOS_HEADER_IOS_BEGIN) $(_COCOS_HEADER_IOS_END)";
				VALID_ARCHS = "arm64 armv7";
			};
			name = Debug;
		};
		1D6058950D05DD3E006BFB54 /* Release */ = {
			isa = XCBuildConfiguration;
			buildSettings = {
				ALWAYS_SEARCH_USER_PATHS = YES;
				CODE_SIGN_IDENTITY = "iPhone Developer";
				COMPRESS_PNG_FILES = NO;
				ENABLE_BITCODE = NO;
				GCC_INLINES_ARE_PRIVATE_EXTERN = NO;
				GCC_PRECOMPILE_PREFIX_HEADER = YES;
				GCC_PREFIX_HEADER = ios/Prefix.pch;
				GCC_PREPROCESSOR_DEFINITIONS = (
					USE_FILE32API,
					"CC_ENABLE_CHIPMUNK_INTEGRATION=1",
					NDEBUG,
				);
				GCC_SYMBOLS_PRIVATE_EXTERN = NO;
				HEADER_SEARCH_PATHS = "$(inherited)";
				INFOPLIST_FILE = ios/Info.plist;
				IPHONEOS_DEPLOYMENT_TARGET = 6.0;
				LIBRARY_SEARCH_PATHS = (
					"$(PROJECT_DIR)",
					"$(PROJECT_DIR)/yaml-cpp/test/gtest-1.8.0/googlemock/gtest/Debug",
					"$(PROJECT_DIR)/yaml-cpp/test/gtest-1.8.0/googlemock/Debug",
					"$(PROJECT_DIR)/yaml-cpp/Debug",
				);
				OTHER_LDFLAGS = (
					"$(_COCOS_LIB_IOS_BEGIN)",
					"$(_COCOS_LIB_IOS_END)",
				);
				SDKROOT = iphoneos;
				STRIP_PNG_TEXT = NO;
				TARGETED_DEVICE_FAMILY = "1,2";
				USER_HEADER_SEARCH_PATHS = "$(_COCOS_HEADER_IOS_BEGIN) $(_COCOS_HEADER_IOS_END)";
				VALID_ARCHS = "arm64 armv7";
			};
			name = Release;
		};
		5087E76D17EB910900C73F5D /* Debug */ = {
			isa = XCBuildConfiguration;
			buildSettings = {
				ALWAYS_SEARCH_USER_PATHS = YES;
				ARCHS = "$(ARCHS_STANDARD_64_BIT)";
				CLANG_CXX_LANGUAGE_STANDARD = "c++0x";
				CLANG_CXX_LIBRARY = "libc++";
				GCC_DYNAMIC_NO_PIC = NO;
				GCC_INLINES_ARE_PRIVATE_EXTERN = NO;
				GCC_PRECOMPILE_PREFIX_HEADER = YES;
				GCC_PREFIX_HEADER = mac/Prefix.pch;
				GCC_PREPROCESSOR_DEFINITIONS = (
					USE_FILE32API,
					"COCOS2D_DEBUG=1",
					"CC_ENABLE_CHIPMUNK_INTEGRATION=1",
				);
				GCC_SYMBOLS_PRIVATE_EXTERN = NO;
				HEADER_SEARCH_PATHS = (
					"$(inherited)",
					"$(SRCROOT)/../cocos2d/external/glfw3/include/mac",
					"$(SRCROOT)/include",
				);
				INFOPLIST_FILE = mac/Info.plist;
				LIBRARY_SEARCH_PATHS = "$(PROJECT_DIR)";
				OTHER_LDFLAGS = (
					"$(_COCOS_LIB_MAC_BEGIN)",
					"$(_COCOS_LIB_MAC_END)",
				);
				USER_HEADER_SEARCH_PATHS = "$(_COCOS_HEADER_MAC_BEGIN) $(_COCOS_HEADER_MAC_END)";
			};
			name = Debug;
		};
		5087E76E17EB910900C73F5D /* Release */ = {
			isa = XCBuildConfiguration;
			buildSettings = {
				ALWAYS_SEARCH_USER_PATHS = YES;
				ARCHS = "$(ARCHS_STANDARD_64_BIT)";
				CLANG_CXX_LANGUAGE_STANDARD = "c++0x";
				CLANG_CXX_LIBRARY = "libc++";
				GCC_INLINES_ARE_PRIVATE_EXTERN = NO;
				GCC_PRECOMPILE_PREFIX_HEADER = YES;
				GCC_PREFIX_HEADER = mac/Prefix.pch;
				GCC_PREPROCESSOR_DEFINITIONS = (
					USE_FILE32API,
					"CC_ENABLE_CHIPMUNK_INTEGRATION=1",
					NDEBUG,
				);
				GCC_SYMBOLS_PRIVATE_EXTERN = NO;
				HEADER_SEARCH_PATHS = (
					"$(inherited)",
					"$(SRCROOT)/../cocos2d/external/glfw3/include/mac",
					"$(SRCROOT)/include",
				);
				INFOPLIST_FILE = mac/Info.plist;
				LIBRARY_SEARCH_PATHS = "$(PROJECT_DIR)";
				OTHER_LDFLAGS = (
					"$(_COCOS_LIB_MAC_BEGIN)",
					"$(_COCOS_LIB_MAC_END)",
				);
				USER_HEADER_SEARCH_PATHS = "$(_COCOS_HEADER_MAC_BEGIN) $(_COCOS_HEADER_MAC_END)";
			};
			name = Release;
		};
		C01FCF4F08A954540054247B /* Debug */ = {
			isa = XCBuildConfiguration;
			buildSettings = {
				CLANG_CXX_LANGUAGE_STANDARD = "c++0x";
				CLANG_CXX_LIBRARY = "libc++";
				COPY_PHASE_STRIP = NO;
				GCC_OPTIMIZATION_LEVEL = 0;
				GCC_WARN_ABOUT_RETURN_TYPE = YES;
				GCC_WARN_UNUSED_VARIABLE = YES;
				HEADER_SEARCH_PATHS = (
					"$(SRCROOT)/../cocos2d",
					"$(SRCROOT)/../cocos2d/cocos/audio/include",
					"$(SRCROOT)/../cocos2d/cocos",
					"$(SRCROOT)/../cocos2d/extensions",
					"$(SRCROOT)/../cocos2d/external",
					"$(SRCROOT)/../cocos2d/external/chipmunk/include/chipmunk",
				);
				IPHONEOS_DEPLOYMENT_TARGET = 6.0;
				MACOSX_DEPLOYMENT_TARGET = 10.7;
				ONLY_ACTIVE_ARCH = YES;
				PRODUCT_NAME = "$(TARGET_NAME)";
				SDKROOT = macosx;
			};
			name = Debug;
		};
		C01FCF5008A954540054247B /* Release */ = {
			isa = XCBuildConfiguration;
			buildSettings = {
				CLANG_CXX_LANGUAGE_STANDARD = "c++0x";
				CLANG_CXX_LIBRARY = "libc++";
				GCC_WARN_ABOUT_RETURN_TYPE = YES;
				GCC_WARN_UNUSED_VARIABLE = YES;
				HEADER_SEARCH_PATHS = (
					"$(SRCROOT)/../cocos2d",
					"$(SRCROOT)/../cocos2d/cocos/audio/include",
					"$(SRCROOT)/../cocos2d/cocos",
					"$(SRCROOT)/../cocos2d/extensions",
					"$(SRCROOT)/../cocos2d/external",
					"$(SRCROOT)/../cocos2d/external/chipmunk/include/chipmunk",
				);
				IPHONEOS_DEPLOYMENT_TARGET = 6.0;
				MACOSX_DEPLOYMENT_TARGET = 10.7;
				OTHER_CFLAGS = "-DNS_BLOCK_ASSERTIONS=1";
				PRODUCT_NAME = "$(TARGET_NAME)";
				SDKROOT = macosx;
				VALIDATE_PRODUCT = YES;
			};
			name = Release;
		};
/* End XCBuildConfiguration section */

/* Begin XCConfigurationList section */
		1D6058960D05DD3E006BFB54 /* Build configuration list for PBXNativeTarget "nirgal-mobile" */ = {
			isa = XCConfigurationList;
			buildConfigurations = (
				1D6058940D05DD3E006BFB54 /* Debug */,
				1D6058950D05DD3E006BFB54 /* Release */,
			);
			defaultConfigurationIsVisible = 0;
			defaultConfigurationName = Debug;
		};
		5087E76C17EB910900C73F5D /* Build configuration list for PBXNativeTarget "nirgal-desktop" */ = {
			isa = XCConfigurationList;
			buildConfigurations = (
				5087E76D17EB910900C73F5D /* Debug */,
				5087E76E17EB910900C73F5D /* Release */,
			);
			defaultConfigurationIsVisible = 0;
			defaultConfigurationName = Debug;
		};
		C01FCF4E08A954540054247B /* Build configuration list for PBXProject "nirgal" */ = {
			isa = XCConfigurationList;
			buildConfigurations = (
				C01FCF4F08A954540054247B /* Debug */,
				C01FCF5008A954540054247B /* Release */,
			);
			defaultConfigurationIsVisible = 0;
			defaultConfigurationName = Debug;
		};
/* End XCConfigurationList section */
	};
	rootObject = 29B97313FDCFA39411CA2CEA /* Project object */;
}
